
Microsoft Visual Studio Solution File, Format Version 12.00
# Visual Studio Version 16
VisualStudioVersion = 16.0.30804.86
MinimumVisualStudioVersion = 10.0.40219.1
Project("{FAE04EC0-301F-11D3-BF4B-00C04F79EFBC}") = "BitWiseOperations", "BitWiseOperations\BitWiseOperations.csproj", "{F2F27002-B437-49CB-A892-73CA71F76C32}"
EndProject
Project("{FAE04EC0-301F-11D3-BF4B-00C04F79EFBC}") = "BinaryDigitsCount", "BinaryDigitsCount\BinaryDigitsCount.csproj", "{2E00E0BB-BB40-4D6E-90B2-85C01AE6266A}"
EndProject
Global
	GlobalSection(SolutionConfigurationPlatforms) = preSolution
		Debug|Any CPU = Debug|Any CPU
		Release|Any CPU = Release|Any CPU
	EndGlobalSection
	GlobalSection(ProjectConfigurationPlatforms) = postSolution
		{F2F27002-B437-49CB-A892-73CA71F76C32}.Debug|Any CPU.ActiveCfg = Debug|Any CPU
		{F2F27002-B437-49CB-A892-73CA71F76C32}.Debug|Any CPU.Build.0 = Debug|Any CPU
		{F2F27002-B437-49CB-A892-73CA71F76C32}.Release|Any CPU.ActiveCfg = Release|Any CPU
		{F2F27002-B437-49CB-A892-73CA71F76C32}.Release|Any CPU.Build.0 = Release|Any CPU
		{2E00E0BB-BB40-4D6E-90B2-85C01AE6266A}.Debug|Any CPU.ActiveCfg = Debug|Any CPU
		{2E00E0BB-BB40-4D6E-90B2-85C01AE6266A}.Debug|Any CPU.Build.0 = Debug|Any CPU
		{2E00E0BB-BB40-4D6E-90B2-85C01AE6266A}.Release|Any CPU.ActiveCfg = Release|Any CPU
		{2E00E0BB-BB40-4D6E-90B2-85C01AE6266A}.Release|Any CPU.Build.0 = Release|Any CPU
	EndGlobalSection
	GlobalSection(SolutionProperties) = preSolution
		HideSolutionNode = FALSE
	EndGlobalSection
	GlobalSection(ExtensibilityGlobals) = postSolution
		SolutionGuid = {CA6D8AD5-05A5-4BC4-83DD-AD00CE8910B5}
	EndGlobalSection
EndGlobal
