
Microsoft Visual Studio Solution File, Format Version 12.00
# Visual Studio Version 16
VisualStudioVersion = 16.0.30621.155
MinimumVisualStudioVersion = 10.0.40219.1
Project("{FAE04EC0-301F-11D3-BF4B-00C04F79EFBC}") = "ConsoleApp1", "ConsoleApp1\ConsoleApp1.csproj", "{FF9DBF39-6D67-4AFD-BFAC-9B5E6FB2C5D7}"
EndProject
Global
	GlobalSection(SolutionConfigurationPlatforms) = preSolution
		Debug|Any CPU = Debug|Any CPU
		Release|Any CPU = Release|Any CPU
	EndGlobalSection
	GlobalSection(ProjectConfigurationPlatforms) = postSolution
		{FF9DBF39-6D67-4AFD-BFAC-9B5E6FB2C5D7}.Debug|Any CPU.ActiveCfg = Debug|Any CPU
		{FF9DBF39-6D67-4AFD-BFAC-9B5E6FB2C5D7}.Debug|Any CPU.Build.0 = Debug|Any CPU
		{FF9DBF39-6D67-4AFD-BFAC-9B5E6FB2C5D7}.Release|Any CPU.ActiveCfg = Release|Any CPU
		{FF9DBF39-6D67-4AFD-BFAC-9B5E6FB2C5D7}.Release|Any CPU.Build.0 = Release|Any CPU
	EndGlobalSection
	GlobalSection(SolutionProperties) = preSolution
		HideSolutionNode = FALSE
	EndGlobalSection
	GlobalSection(ExtensibilityGlobals) = postSolution
		SolutionGuid = {689082D7-124F-4B6A-8D7E-5C7FA5286644}
	EndGlobalSection
EndGlobal
